github.com/bufbuild/protoc-gen-validate v1.2.1 h1:futtvtATGXDsMGWcAc6sWhAOoFQvmWZLmyHrvupXPig=
github.com/stroppy-io/stroppy v0.0.0-20251030192700-926eb8daee3fa81429a6238424ac08be934aa079 h1:2bFfCdjm7cFCUn/VjICJ2MF9BGtQt7Ez1xsySZsFF2A=
github.com/yaroher/protoc-gen-pgx-orm v1.0.5 h1:1SLKwELb6qtBgXZ8pkQHTG0dGSVw6+hoR1JRBU/gv20=
